
Microsoft Visual Studio Solution File, Format Version 12.00
# Visual Studio Version 16
VisualStudioVersion = 16.0.34031.81
MinimumVisualStudioVersion = 10.0.40219.1
Project("{FAE04EC0-301F-11D3-BF4B-00C04F79EFBC}") = "cSharpPrimeNumbers6", "cSharpPrimeNumbers6\cSharpPrimeNumbers6.csproj", "{D08C5708-7A70-4C90-8001-4FAD171E073D}"
EndProject
Global
	GlobalSection(SolutionConfigurationPlatforms) = preSolution
		Debug|Any CPU = Debug|Any CPU
		Release|Any CPU = Release|Any CPU
	EndGlobalSection
	GlobalSection(ProjectConfigurationPlatforms) = postSolution
		{D08C5708-7A70-4C90-8001-4FAD171E073D}.Debug|Any CPU.ActiveCfg = Debug|Any CPU
		{D08C5708-7A70-4C90-8001-4FAD171E073D}.Debug|Any CPU.Build.0 = Debug|Any CPU
		{D08C5708-7A70-4C90-8001-4FAD171E073D}.Release|Any CPU.ActiveCfg = Release|Any CPU
		{D08C5708-7A70-4C90-8001-4FAD171E073D}.Release|Any CPU.Build.0 = Release|Any CPU
	EndGlobalSection
	GlobalSection(SolutionProperties) = preSolution
		HideSolutionNode = FALSE
	EndGlobalSection
	GlobalSection(ExtensibilityGlobals) = postSolution
		SolutionGuid = {3289BB84-66A4-499C-8BBB-1603C6B64419}
	EndGlobalSection
EndGlobal
